
Microsoft Visual Studio Solution File, Format Version 12.00
# Visual Studio Version 16
VisualStudioVersion = 16.0.30804.86
MinimumVisualStudioVersion = 10.0.40219.1
Project("{FAE04EC0-301F-11D3-BF4B-00C04F79EFBC}") = "SocialMedia.Api", "SocialMedia.Api\SocialMedia.Api.csproj", "{549156DE-AF7C-4014-A730-B28B2D45BEFB}"
EndProject
Project("{FAE04EC0-301F-11D3-BF4B-00C04F79EFBC}") = "SocialMedia.Core", "SocialMedia.Core\SocialMedia.Core.csproj", "{B06CEB20-BD1A-4B3B-ADC7-96EC8EBFA960}"
EndProject
Project("{FAE04EC0-301F-11D3-BF4B-00C04F79EFBC}") = "SocialMedia.Infrastructure", "SocialMedia.Infrastructure\SocialMedia.Infrastructure.csproj", "{B4A2C7D3-5797-4FD1-A2CF-2931592FD56E}"
EndProject
Project("{2150E333-8FDC-42A3-9474-1A3956D46DE8}") = "Tests", "Tests", "{437E7C68-1043-4099-B81F-2A2AD20A9E77}"
EndProject
Project("{FAE04EC0-301F-11D3-BF4B-00C04F79EFBC}") = "SocialMedia.UnitTests", "SocialMedia.UnitTests\SocialMedia.UnitTests.csproj", "{0C81F18A-8FC6-4C9F-A21A-9C63F239A34D}"
EndProject
Project("{FAE04EC0-301F-11D3-BF4B-00C04F79EFBC}") = "SocialMedia.IntegrationTests", "SocialMedia.IntegrationTests\SocialMedia.IntegrationTests.csproj", "{EB6A0537-3E3D-4F7D-A283-AB544AC97441}"
EndProject
Global
	GlobalSection(SolutionConfigurationPlatforms) = preSolution
		Debug|Any CPU = Debug|Any CPU
		Release|Any CPU = Release|Any CPU
	EndGlobalSection
	GlobalSection(ProjectConfigurationPlatforms) = postSolution
		{549156DE-AF7C-4014-A730-B28B2D45BEFB}.Debug|Any CPU.ActiveCfg = Debug|Any CPU
		{549156DE-AF7C-4014-A730-B28B2D45BEFB}.Debug|Any CPU.Build.0 = Debug|Any CPU
		{549156DE-AF7C-4014-A730-B28B2D45BEFB}.Release|Any CPU.ActiveCfg = Release|Any CPU
		{549156DE-AF7C-4014-A730-B28B2D45BEFB}.Release|Any CPU.Build.0 = Release|Any CPU
		{B06CEB20-BD1A-4B3B-ADC7-96EC8EBFA960}.Debug|Any CPU.ActiveCfg = Debug|Any CPU
		{B06CEB20-BD1A-4B3B-ADC7-96EC8EBFA960}.Debug|Any CPU.Build.0 = Debug|Any CPU
		{B06CEB20-BD1A-4B3B-ADC7-96EC8EBFA960}.Release|Any CPU.ActiveCfg = Release|Any CPU
		{B06CEB20-BD1A-4B3B-ADC7-96EC8EBFA960}.Release|Any CPU.Build.0 = Release|Any CPU
		{B4A2C7D3-5797-4FD1-A2CF-2931592FD56E}.Debug|Any CPU.ActiveCfg = Debug|Any CPU
		{B4A2C7D3-5797-4FD1-A2CF-2931592FD56E}.Debug|Any CPU.Build.0 = Debug|Any CPU
		{B4A2C7D3-5797-4FD1-A2CF-2931592FD56E}.Release|Any CPU.ActiveCfg = Release|Any CPU
		{B4A2C7D3-5797-4FD1-A2CF-2931592FD56E}.Release|Any CPU.Build.0 = Release|Any CPU
		{0C81F18A-8FC6-4C9F-A21A-9C63F239A34D}.Debug|Any CPU.ActiveCfg = Debug|Any CPU
		{0C81F18A-8FC6-4C9F-A21A-9C63F239A34D}.Debug|Any CPU.Build.0 = Debug|Any CPU
		{0C81F18A-8FC6-4C9F-A21A-9C63F239A34D}.Release|Any CPU.ActiveCfg = Release|Any CPU
		{0C81F18A-8FC6-4C9F-A21A-9C63F239A34D}.Release|Any CPU.Build.0 = Release|Any CPU
		{EB6A0537-3E3D-4F7D-A283-AB544AC97441}.Debug|Any CPU.ActiveCfg = Debug|Any CPU
		{EB6A0537-3E3D-4F7D-A283-AB544AC97441}.Debug|Any CPU.Build.0 = Debug|Any CPU
		{EB6A0537-3E3D-4F7D-A283-AB544AC97441}.Release|Any CPU.ActiveCfg = Release|Any CPU
		{EB6A0537-3E3D-4F7D-A283-AB544AC97441}.Release|Any CPU.Build.0 = Release|Any CPU
	EndGlobalSection
	GlobalSection(SolutionProperties) = preSolution
		HideSolutionNode = FALSE
	EndGlobalSection
	GlobalSection(NestedProjects) = preSolution
		{0C81F18A-8FC6-4C9F-A21A-9C63F239A34D} = {437E7C68-1043-4099-B81F-2A2AD20A9E77}
		{EB6A0537-3E3D-4F7D-A283-AB544AC97441} = {437E7C68-1043-4099-B81F-2A2AD20A9E77}
	EndGlobalSection
	GlobalSection(ExtensibilityGlobals) = postSolution
		SolutionGuid = {133A158F-14B9-4D3E-B98B-0564D803E23B}
	EndGlobalSection
EndGlobal
