
Microsoft Visual Studio Solution File, Format Version 12.00
# Visual Studio Version 16
VisualStudioVersion = 16.0.30011.22
MinimumVisualStudioVersion = 10.0.40219.1
Project("{FAE04EC0-301F-11D3-BF4B-00C04F79EFBC}") = "Lambda", "Lambda\Lambda.csproj", "{A92CC672-C3B9-4726-8809-443A12C37399}"
EndProject
Global
	GlobalSection(SolutionConfigurationPlatforms) = preSolution
		Debug|Any CPU = Debug|Any CPU
		Release|Any CPU = Release|Any CPU
	EndGlobalSection
	GlobalSection(ProjectConfigurationPlatforms) = postSolution
		{A92CC672-C3B9-4726-8809-443A12C37399}.Debug|Any CPU.ActiveCfg = Debug|Any CPU
		{A92CC672-C3B9-4726-8809-443A12C37399}.Debug|Any CPU.Build.0 = Debug|Any CPU
		{A92CC672-C3B9-4726-8809-443A12C37399}.Release|Any CPU.ActiveCfg = Release|Any CPU
		{A92CC672-C3B9-4726-8809-443A12C37399}.Release|Any CPU.Build.0 = Release|Any CPU
	EndGlobalSection
	GlobalSection(SolutionProperties) = preSolution
		HideSolutionNode = FALSE
	EndGlobalSection
	GlobalSection(ExtensibilityGlobals) = postSolution
		SolutionGuid = {D43F6F00-BF32-4141-BB8C-BFD488FFBBA1}
	EndGlobalSection
EndGlobal
